
Microsoft Visual Studio Solution File, Format Version 12.00
# Visual Studio Version 17
VisualStudioVersion = 17.4.33213.308
MinimumVisualStudioVersion = 10.0.40219.1
Project("{FAE04EC0-301F-11D3-BF4B-00C04F79EFBC}") = "Btaplon", "Btaplon\Btaplon.csproj", "{7F082222-37C3-4320-806E-6431AD4274B5}"
EndProject
Global
	GlobalSection(SolutionConfigurationPlatforms) = preSolution
		Debug|Any CPU = Debug|Any CPU
		Release|Any CPU = Release|Any CPU
	EndGlobalSection
	GlobalSection(ProjectConfigurationPlatforms) = postSolution
		{7F082222-37C3-4320-806E-6431AD4274B5}.Debug|Any CPU.ActiveCfg = Debug|Any CPU
		{7F082222-37C3-4320-806E-6431AD4274B5}.Debug|Any CPU.Build.0 = Debug|Any CPU
		{7F082222-37C3-4320-806E-6431AD4274B5}.Release|Any CPU.ActiveCfg = Release|Any CPU
		{7F082222-37C3-4320-806E-6431AD4274B5}.Release|Any CPU.Build.0 = Release|Any CPU
	EndGlobalSection
	GlobalSection(SolutionProperties) = preSolution
		HideSolutionNode = FALSE
	EndGlobalSection
	GlobalSection(ExtensibilityGlobals) = postSolution
		SolutionGuid = {1249020C-70C7-4AE4-B98B-B62A34C25B82}
	EndGlobalSection
EndGlobal
